// !$*UTF8*$!
{
	archiveVersion = 1;
	classes = {
	};
	objectVersion = 50;
	objects = {

/* Begin PBXBuildFile section */
		016E41B3228E9A5B00ACF137 /* AppDelegate.swift in Sources */ = {isa = PBXBuildFile; fileRef = 016E41B2228E9A5B00ACF137 /* AppDelegate.swift */; };
		016E41B5228E9A5B00ACF137 /* ViewController.swift in Sources */ = {isa = PBXBuildFile; fileRef = 016E41B4228E9A5B00ACF137 /* ViewController.swift */; };
		016E41B8228E9A5B00ACF137 /* Main.storyboard in Resources */ = {isa = PBXBuildFile; fileRef = 016E41B6228E9A5B00ACF137 /* Main.storyboard */; };
		016E41BA228E9A5E00ACF137 /* Assets.xcassets in Resources */ = {isa = PBXBuildFile; fileRef = 016E41B9228E9A5E00ACF137 /* Assets.xcassets */; };
		016E41BD228E9A5E00ACF137 /* LaunchScreen.storyboard in Resources */ = {isa = PBXBuildFile; fileRef = 016E41BB228E9A5E00ACF137 /* LaunchScreen.storyboard */; };
		016E41D0228E9A8600ACF137 /* Engine.framework in Frameworks */ = {isa = PBXBuildFile; fileRef = 016E41C9228E9A8600ACF137 /* Engine.framework */; };
		016E41D1228E9A8600ACF137 /* Engine.framework in Embed Frameworks */ = {isa = PBXBuildFile; fileRef = 016E41C9228E9A8600ACF137 /* Engine.framework */; settings = {ATTRIBUTES = (CodeSignOnCopy, RemoveHeadersOnCopy, ); }; };
		E632BC3322D50FCD003745C9 /* Color.swift in Sources */ = {isa = PBXBuildFile; fileRef = E632BC3222D50FCD003745C9 /* Color.swift */; };
		E632BC3522D513C6003745C9 /* Bitmap.swift in Sources */ = {isa = PBXBuildFile; fileRef = E632BC3422D513C6003745C9 /* Bitmap.swift */; };
		E688004122D62B3A00BBA249 /* Thing.swift in Sources */ = {isa = PBXBuildFile; fileRef = E688003E22D62B3900BBA249 /* Thing.swift */; };
		E688004222D62B3A00BBA249 /* Tilemap.swift in Sources */ = {isa = PBXBuildFile; fileRef = E688003F22D62B3900BBA249 /* Tilemap.swift */; };
		E688004322D62B3A00BBA249 /* Tile.swift in Sources */ = {isa = PBXBuildFile; fileRef = E688004022D62B3A00BBA249 /* Tile.swift */; };
		E688004522D62B6600BBA249 /* Input.swift in Sources */ = {isa = PBXBuildFile; fileRef = E688004422D62B6600BBA249 /* Input.swift */; };
		E688004B22D62BA300BBA249 /* Player.swift in Sources */ = {isa = PBXBuildFile; fileRef = E688004622D62BA300BBA249 /* Player.swift */; };
		E688004C22D62BA300BBA249 /* World.swift in Sources */ = {isa = PBXBuildFile; fileRef = E688004722D62BA300BBA249 /* World.swift */; };
		E688004D22D62BA300BBA249 /* Vector.swift in Sources */ = {isa = PBXBuildFile; fileRef = E688004822D62BA300BBA249 /* Vector.swift */; };
		E688004E22D62BA300BBA249 /* Rect.swift in Sources */ = {isa = PBXBuildFile; fileRef = E688004922D62BA300BBA249 /* Rect.swift */; };
		E688004F22D62BA300BBA249 /* Renderer.swift in Sources */ = {isa = PBXBuildFile; fileRef = E688004A22D62BA300BBA249 /* Renderer.swift */; };
		E6F46AFC22D631D2008BD503 /* Map.geojson in Resources */ = {isa = PBXBuildFile; fileRef = E6F46AFB22D631D2008BD503 /* Map.geojson */; };
		E6F46AFF22D6479C008BD503 /* Ray.swift in Sources */ = {isa = PBXBuildFile; fileRef = E6F46AFE22D6479C008BD503 /* Ray.swift */; };
		E6F46B0122D729E7008BD503 /* Rotation.swift in Sources */ = {isa = PBXBuildFile; fileRef = E6F46B0022D729E7008BD503 /* Rotation.swift */; };
		E6FA693222D5E1E900B2184E /* UIImage+Bitmap.swift in Sources */ = {isa = PBXBuildFile; fileRef = E6FA693122D5E1E900B2184E /* UIImage+Bitmap.swift */; };
/* End PBXBuildFile section */

/* Begin PBXContainerItemProxy section */
		016E41CE228E9A8600ACF137 /* PBXContainerItemProxy */ = {
			isa = PBXContainerItemProxy;
			containerPortal = 016E41A7228E9A5B00ACF137 /* Project object */;
			proxyType = 1;
			remoteGlobalIDString = 016E41C8228E9A8600ACF137;
			remoteInfo = Engine;
		};
/* End PBXContainerItemProxy section */

/* Begin PBXCopyFilesBuildPhase section */
		016E41D5228E9A8600ACF137 /* Embed Frameworks */ = {
			isa = PBXCopyFilesBuildPhase;
			buildActionMask = 2147483647;
			dstPath = "";
			dstSubfolderSpec = 10;
			files = (
				016E41D1228E9A8600ACF137 /* Engine.framework in Embed Frameworks */,
			);
			name = "Embed Frameworks";
			runOnlyForDeploymentPostprocessing = 0;
		};
/* End PBXCopyFilesBuildPhase section */

/* Begin PBXFileReference section */
		016E41AF228E9A5B00ACF137 /* Rampage.app */ = {isa = PBXFileReference; explicitFileType = wrapper.application; includeInIndex = 0; path = Rampage.app; sourceTree = BUILT_PRODUCTS_DIR; };
		016E41B2228E9A5B00ACF137 /* AppDelegate.swift */ = {isa = PBXFileReference; lastKnownFileType = sourcecode.swift; path = AppDelegate.swift; sourceTree = "<group>"; };
		016E41B4228E9A5B00ACF137 /* ViewController.swift */ = {isa = PBXFileReference; lastKnownFileType = sourcecode.swift; path = ViewController.swift; sourceTree = "<group>"; };
		016E41B7228E9A5B00ACF137 /* Base */ = {isa = PBXFileReference; lastKnownFileType = file.storyboard; name = Base; path = Base.lproj/Main.storyboard; sourceTree = "<group>"; };
		016E41B9228E9A5E00ACF137 /* Assets.xcassets */ = {isa = PBXFileReference; lastKnownFileType = folder.assetcatalog; path = Assets.xcassets; sourceTree = "<group>"; };
		016E41BC228E9A5E00ACF137 /* Base */ = {isa = PBXFileReference; lastKnownFileType = file.storyboard; name = Base; path = Base.lproj/LaunchScreen.storyboard; sourceTree = "<group>"; };
		016E41BE228E9A5E00ACF137 /* Info.plist */ = {isa = PBXFileReference; lastKnownFileType = text.plist.xml; path = Info.plist; sourceTree = "<group>"; };
		016E41C9228E9A8600ACF137 /* Engine.framework */ = {isa = PBXFileReference; explicitFileType = wrapper.framework; includeInIndex = 0; path = Engine.framework; sourceTree = BUILT_PRODUCTS_DIR; };
		016E41CC228E9A8600ACF137 /* Info.plist */ = {isa = PBXFileReference; lastKnownFileType = text.plist.xml; path = Info.plist; sourceTree = "<group>"; };
		E632BC3222D50FCD003745C9 /* Color.swift */ = {isa = PBXFileReference; lastKnownFileType = sourcecode.swift; path = Color.swift; sourceTree = "<group>"; };
		E632BC3422D513C6003745C9 /* Bitmap.swift */ = {isa = PBXFileReference; lastKnownFileType = sourcecode.swift; path = Bitmap.swift; sourceTree = "<group>"; };
		E688003E22D62B3900BBA249 /* Thing.swift */ = {isa = PBXFileReference; fileEncoding = 4; lastKnownFileType = sourcecode.swift; path = Thing.swift; sourceTree = "<group>"; };
		E688003F22D62B3900BBA249 /* Tilemap.swift */ = {isa = PBXFileReference; fileEncoding = 4; lastKnownFileType = sourcecode.swift; path = Tilemap.swift; sourceTree = "<group>"; };
		E688004022D62B3A00BBA249 /* Tile.swift */ = {isa = PBXFileReference; fileEncoding = 4; lastKnownFileType = sourcecode.swift; path = Tile.swift; sourceTree = "<group>"; };
		E688004422D62B6600BBA249 /* Input.swift */ = {isa = PBXFileReference; fileEncoding = 4; lastKnownFileType = sourcecode.swift; path = Input.swift; sourceTree = "<group>"; };
		E688004622D62BA300BBA249 /* Player.swift */ = {isa = PBXFileReference; fileEncoding = 4; lastKnownFileType = sourcecode.swift; path = Player.swift; sourceTree = "<group>"; };
		E688004722D62BA300BBA249 /* World.swift */ = {isa = PBXFileReference; fileEncoding = 4; lastKnownFileType = sourcecode.swift; path = World.swift; sourceTree = "<group>"; };
		E688004822D62BA300BBA249 /* Vector.swift */ = {isa = PBXFileReference; fileEncoding = 4; lastKnownFileType = sourcecode.swift; path = Vector.swift; sourceTree = "<group>"; };
		E688004922D62BA300BBA249 /* Rect.swift */ = {isa = PBXFileReference; fileEncoding = 4; lastKnownFileType = sourcecode.swift; path = Rect.swift; sourceTree = "<group>"; };
		E688004A22D62BA300BBA249 /* Renderer.swift */ = {isa = PBXFileReference; fileEncoding = 4; lastKnownFileType = sourcecode.swift; path = Renderer.swift; sourceTree = "<group>"; };
		E6F46AFB22D631D2008BD503 /* Map.geojson */ = {isa = PBXFileReference; fileEncoding = 4; lastKnownFileType = text; path = Map.geojson; sourceTree = "<group>"; };
		E6F46AFE22D6479C008BD503 /* Ray.swift */ = {isa = PBXFileReference; lastKnownFileType = sourcecode.swift; path = Ray.swift; sourceTree = "<group>"; };
		E6F46B0022D729E7008BD503 /* Rotation.swift */ = {isa = PBXFileReference; lastKnownFileType = sourcecode.swift; path = Rotation.swift; sourceTree = "<group>"; };
		E6FA693122D5E1E900B2184E /* UIImage+Bitmap.swift */ = {isa = PBXFileReference; lastKnownFileType = sourcecode.swift; path = "UIImage+Bitmap.swift"; sourceTree = "<group>"; };
/* End PBXFileReference section */

/* Begin PBXFrameworksBuildPhase section */
		016E41AC228E9A5B00ACF137 /* Frameworks */ = {
			isa = PBXFrameworksBuildPhase;
			buildActionMask = 2147483647;
			files = (
				016E41D0228E9A8600ACF137 /* Engine.framework in Frameworks */,
			);
			runOnlyForDeploymentPostprocessing = 0;
		};
		016E41C6228E9A8600ACF137 /* Frameworks */ = {
			isa = PBXFrameworksBuildPhase;
			buildActionMask = 2147483647;
			files = (
			);
			runOnlyForDeploymentPostprocessing = 0;
		};
/* End PBXFrameworksBuildPhase section */

/* Begin PBXGroup section */
		016E41A6228E9A5B00ACF137 = {
			isa = PBXGroup;
			children = (
				016E41B1228E9A5B00ACF137 /* Rampage */,
				016E41CA228E9A8600ACF137 /* Engine */,
				016E41B0228E9A5B00ACF137 /* Products */,
			);
			sourceTree = "<group>";
		};
		016E41B0228E9A5B00ACF137 /* Products */ = {
			isa = PBXGroup;
			children = (
				016E41AF228E9A5B00ACF137 /* Rampage.app */,
				016E41C9228E9A8600ACF137 /* Engine.framework */,
			);
			name = Products;
			sourceTree = "<group>";
		};
		016E41B1228E9A5B00ACF137 /* Rampage */ = {
			isa = PBXGroup;
			children = (
				E6F46AFB22D631D2008BD503 /* Map.geojson */,
				E6FA693022D5E1CA00B2184E /* PlatformSpecificUtilities */,
				016E41B2228E9A5B00ACF137 /* AppDelegate.swift */,
				016E41B4228E9A5B00ACF137 /* ViewController.swift */,
				016E41B6228E9A5B00ACF137 /* Main.storyboard */,
				016E41B9228E9A5E00ACF137 /* Assets.xcassets */,
				016E41BB228E9A5E00ACF137 /* LaunchScreen.storyboard */,
				016E41BE228E9A5E00ACF137 /* Info.plist */,
			);
			path = Rampage;
			sourceTree = "<group>";
		};
		016E41CA228E9A8600ACF137 /* Engine */ = {
			isa = PBXGroup;
			children = (
				E6F46AFD22D64791008BD503 /* RayCasting */,
				E60C112022D627740082A983 /* UserInput */,
				E60C110C22D626B40082A983 /* MapCore */,
				E6FA693722D5EAE900B2184E /* Core */,
				E632BC3122D50FBC003745C9 /* Utilities */,
				016E41CC228E9A8600ACF137 /* Info.plist */,
			);
			path = Engine;
			sourceTree = "<group>";
		};
		E60C110C22D626B40082A983 /* MapCore */ = {
			isa = PBXGroup;
			children = (
				E688003E22D62B3900BBA249 /* Thing.swift */,
				E688004022D62B3A00BBA249 /* Tile.swift */,
				E688003F22D62B3900BBA249 /* Tilemap.swift */,
			);
			path = MapCore;
			sourceTree = "<group>";
		};
		E60C112022D627740082A983 /* UserInput */ = {
			isa = PBXGroup;
			children = (
				E688004422D62B6600BBA249 /* Input.swift */,
			);
			path = UserInput;
			sourceTree = "<group>";
		};
		E632BC3122D50FBC003745C9 /* Utilities */ = {
			isa = PBXGroup;
			children = (
				E632BC3222D50FCD003745C9 /* Color.swift */,
				E632BC3422D513C6003745C9 /* Bitmap.swift */,
			);
			path = Utilities;
			sourceTree = "<group>";
		};
		E6F46AFD22D64791008BD503 /* RayCasting */ = {
			isa = PBXGroup;
			children = (
				E6F46AFE22D6479C008BD503 /* Ray.swift */,
			);
			path = RayCasting;
			sourceTree = "<group>";
		};
		E6FA693022D5E1CA00B2184E /* PlatformSpecificUtilities */ = {
			isa = PBXGroup;
			children = (
				E6FA693122D5E1E900B2184E /* UIImage+Bitmap.swift */,
			);
			path = PlatformSpecificUtilities;
			sourceTree = "<group>";
		};
		E6FA693722D5EAE900B2184E /* Core */ = {
			isa = PBXGroup;
			children = (
				E688004622D62BA300BBA249 /* Player.swift */,
				E688004922D62BA300BBA249 /* Rect.swift */,
				E688004A22D62BA300BBA249 /* Renderer.swift */,
				E688004822D62BA300BBA249 /* Vector.swift */,
				E688004722D62BA300BBA249 /* World.swift */,
				E6F46B0022D729E7008BD503 /* Rotation.swift */,
			);
			path = Core;
			sourceTree = "<group>";
		};
/* End PBXGroup section */

/* Begin PBXHeadersBuildPhase section */
		016E41C4228E9A8600ACF137 /* Headers */ = {
			isa = PBXHeadersBuildPhase;
			buildActionMask = 2147483647;
			files = (
			);
			runOnlyForDeploymentPostprocessing = 0;
		};
/* End PBXHeadersBuildPhase section */

/* Begin PBXNativeTarget section */
		016E41AE228E9A5B00ACF137 /* Rampage */ = {
			isa = PBXNativeTarget;
			buildConfigurationList = 016E41C1228E9A5E00ACF137 /* Build configuration list for PBXNativeTarget "Rampage" */;
			buildPhases = (
				016E41AB228E9A5B00ACF137 /* Sources */,
				016E41AC228E9A5B00ACF137 /* Frameworks */,
				016E41AD228E9A5B00ACF137 /* Resources */,
				016E41D5228E9A8600ACF137 /* Embed Frameworks */,
			);
			buildRules = (
			);
			dependencies = (
				016E41CF228E9A8600ACF137 /* PBXTargetDependency */,
			);
			name = Rampage;
			productName = Rampage;
			productReference = 016E41AF228E9A5B00ACF137 /* Rampage.app */;
			productType = "com.apple.product-type.application";
		};
		016E41C8228E9A8600ACF137 /* Engine */ = {
			isa = PBXNativeTarget;
			buildConfigurationList = 016E41D2228E9A8600ACF137 /* Build configuration list for PBXNativeTarget "Engine" */;
			buildPhases = (
				016E41C4228E9A8600ACF137 /* Headers */,
				016E41C5228E9A8600ACF137 /* Sources */,
				016E41C6228E9A8600ACF137 /* Frameworks */,
				016E41C7228E9A8600ACF137 /* Resources */,
			);
			buildRules = (
			);
			dependencies = (
			);
			name = Engine;
			productName = Engine;
			productReference = 016E41C9228E9A8600ACF137 /* Engine.framework */;
			productType = "com.apple.product-type.framework";
		};
/* End PBXNativeTarget section */

/* Begin PBXProject section */
		016E41A7228E9A5B00ACF137 /* Project object */ = {
			isa = PBXProject;
			attributes = {
				LastSwiftUpdateCheck = 1010;
				LastUpgradeCheck = 1010;
				ORGANIZATIONNAME = "Nick Lockwood";
				TargetAttributes = {
					016E41AE228E9A5B00ACF137 = {
						CreatedOnToolsVersion = 10.1;
					};
					016E41C8228E9A8600ACF137 = {
						CreatedOnToolsVersion = 10.1;
						LastSwiftMigration = 1020;
					};
				};
			};
			buildConfigurationList = 016E41AA228E9A5B00ACF137 /* Build configuration list for PBXProject "Rampage" */;
			compatibilityVersion = "Xcode 9.3";
			developmentRegion = en;
			hasScannedForEncodings = 0;
			knownRegions = (
				en,
				Base,
			);
			mainGroup = 016E41A6228E9A5B00ACF137;
			productRefGroup = 016E41B0228E9A5B00ACF137 /* Products */;
			projectDirPath = "";
			projectRoot = "";
			targets = (
				016E41AE228E9A5B00ACF137 /* Rampage */,
				016E41C8228E9A8600ACF137 /* Engine */,
			);
		};
/* End PBXProject section */

/* Begin PBXResourcesBuildPhase section */
		016E41AD228E9A5B00ACF137 /* Resources */ = {
			isa = PBXResourcesBuildPhase;
			buildActionMask = 2147483647;
			files = (
				E6F46AFC22D631D2008BD503 /* Map.geojson in Resources */,
				016E41BD228E9A5E00ACF137 /* LaunchScreen.storyboard in Resources */,
				016E41BA228E9A5E00ACF137 /* Assets.xcassets in Resources */,
				016E41B8228E9A5B00ACF137 /* Main.storyboard in Resources */,
			);
			runOnlyForDeploymentPostprocessing = 0;
		};
		016E41C7228E9A8600ACF137 /* Resources */ = {
			isa = PBXResourcesBuildPhase;
			buildActionMask = 2147483647;
			files = (
			);
			runOnlyForDeploymentPostprocessing = 0;
		};
/* End PBXResourcesBuildPhase section */

/* Begin PBXSourcesBuildPhase section */
		016E41AB228E9A5B00ACF137 /* Sources */ = {
			isa = PBXSourcesBuildPhase;
			buildActionMask = 2147483647;
			files = (
				016E41B5228E9A5B00ACF137 /* ViewController.swift in Sources */,
				016E41B3228E9A5B00ACF137 /* AppDelegate.swift in Sources */,
				E6FA693222D5E1E900B2184E /* UIImage+Bitmap.swift in Sources */,
			);
			runOnlyForDeploymentPostprocessing = 0;
		};
		016E41C5228E9A8600ACF137 /* Sources */ = {
			isa = PBXSourcesBuildPhase;
			buildActionMask = 2147483647;
			files = (
				E688004522D62B6600BBA249 /* Input.swift in Sources */,
				E688004222D62B3A00BBA249 /* Tilemap.swift in Sources */,
				E632BC3522D513C6003745C9 /* Bitmap.swift in Sources */,
				E688004E22D62BA300BBA249 /* Rect.swift in Sources */,
				E688004F22D62BA300BBA249 /* Renderer.swift in Sources */,
				E688004322D62B3A00BBA249 /* Tile.swift in Sources */,
				E688004B22D62BA300BBA249 /* Player.swift in Sources */,
				E688004122D62B3A00BBA249 /* Thing.swift in Sources */,
				E6F46B0122D729E7008BD503 /* Rotation.swift in Sources */,
				E6F46AFF22D6479C008BD503 /* Ray.swift in Sources */,
				E688004C22D62BA300BBA249 /* World.swift in Sources */,
				E688004D22D62BA300BBA249 /* Vector.swift in Sources */,
				E632BC3322D50FCD003745C9 /* Color.swift in Sources */,
			);
			runOnlyForDeploymentPostprocessing = 0;
		};
/* End PBXSourcesBuildPhase section */

/* Begin PBXTargetDependency section */
		016E41CF228E9A8600ACF137 /* PBXTargetDependency */ = {
			isa = PBXTargetDependency;
			target = 016E41C8228E9A8600ACF137 /* Engine */;
			targetProxy = 016E41CE228E9A8600ACF137 /* PBXContainerItemProxy */;
		};
/* End PBXTargetDependency section */

/* Begin PBXVariantGroup section */
		016E41B6228E9A5B00ACF137 /* Main.storyboard */ = {
			isa = PBXVariantGroup;
			children = (
				016E41B7228E9A5B00ACF137 /* Base */,
			);
			name = Main.storyboard;
			sourceTree = "<group>";
		};
		016E41BB228E9A5E00ACF137 /* LaunchScreen.storyboard */ = {
			isa = PBXVariantGroup;
			children = (
				016E41BC228E9A5E00ACF137 /* Base */,
			);
			name = LaunchScreen.storyboard;
			sourceTree = "<group>";
		};
/* End PBXVariantGroup section */

/* Begin XCBuildConfiguration section */
		016E41BF228E9A5E00ACF137 /* Debug */ = {
			isa = XCBuildConfiguration;
			buildSettings = {
				ALWAYS_SEARCH_USER_PATHS = NO;
				CLANG_ANALYZER_NONNULL = YES;
				CLANG_ANALYZER_NUMBER_OBJECT_CONVERSION = YES_AGGRESSIVE;
				CLANG_CXX_LANGUAGE_STANDARD = "gnu++14";
				CLANG_CXX_LIBRARY = "libc++";
				CLANG_ENABLE_MODULES = YES;
				CLANG_ENABLE_OBJC_ARC = YES;
				CLANG_ENABLE_OBJC_WEAK = YES;
				CLANG_WARN_BLOCK_CAPTURE_AUTORELEASING = YES;
				CLANG_WARN_BOOL_CONVERSION = YES;
				CLANG_WARN_COMMA = YES;
				CLANG_WARN_CONSTANT_CONVERSION = YES;
				CLANG_WARN_DEPRECATED_OBJC_IMPLEMENTATIONS = YES;
				CLANG_WARN_DIRECT_OBJC_ISA_USAGE = YES_ERROR;
				CLANG_WARN_DOCUMENTATION_COMMENTS = YES;
				CLANG_WARN_EMPTY_BODY = YES;
				CLANG_WARN_ENUM_CONVERSION = YES;
				CLANG_WARN_INFINITE_RECURSION = YES;
				CLANG_WARN_INT_CONVERSION = YES;
				CLANG_WARN_NON_LITERAL_NULL_CONVERSION = YES;
				CLANG_WARN_OBJC_IMPLICIT_RETAIN_SELF = YES;
				CLANG_WARN_OBJC_LITERAL_CONVERSION = YES;
				CLANG_WARN_OBJC_ROOT_CLASS = YES_ERROR;
				CLANG_WARN_RANGE_LOOP_ANALYSIS = YES;
				CLANG_WARN_STRICT_PROTOTYPES = YES;
				CLANG_WARN_SUSPICIOUS_MOVE = YES;
				CLANG_WARN_UNGUARDED_AVAILABILITY = YES_AGGRESSIVE;
				CLANG_WARN_UNREACHABLE_CODE = YES;
				CLANG_WARN__DUPLICATE_METHOD_MATCH = YES;
				CODE_SIGN_IDENTITY = "iPhone Developer";
				COPY_PHASE_STRIP = NO;
				DEBUG_INFORMATION_FORMAT = dwarf;
				ENABLE_STRICT_OBJC_MSGSEND = YES;
				ENABLE_TESTABILITY = YES;
				GCC_C_LANGUAGE_STANDARD = gnu11;
				GCC_DYNAMIC_NO_PIC = NO;
				GCC_NO_COMMON_BLOCKS = YES;
				GCC_OPTIMIZATION_LEVEL = 0;
				GCC_PREPROCESSOR_DEFINITIONS = (
					"DEBUG=1",
					"$(inherited)",
				);
				GCC_WARN_64_TO_32_BIT_CONVERSION = YES;
				GCC_WARN_ABOUT_RETURN_TYPE = YES_ERROR;
				GCC_WARN_UNDECLARED_SELECTOR = YES;
				GCC_WARN_UNINITIALIZED_AUTOS = YES_AGGRESSIVE;
				GCC_WARN_UNUSED_FUNCTION = YES;
				GCC_WARN_UNUSED_VARIABLE = YES;
				IPHONEOS_DEPLOYMENT_TARGET = 12.1;
				MTL_ENABLE_DEBUG_INFO = INCLUDE_SOURCE;
				MTL_FAST_MATH = YES;
				ONLY_ACTIVE_ARCH = YES;
				SDKROOT = iphoneos;
				SWIFT_ACTIVE_COMPILATION_CONDITIONS = DEBUG;
				SWIFT_OPTIMIZATION_LEVEL = "-Onone";
			};
			name = Debug;
		};
		016E41C0228E9A5E00ACF137 /* Release */ = {
			isa = XCBuildConfiguration;
			buildSettings = {
				ALWAYS_SEARCH_USER_PATHS = NO;
				CLANG_ANALYZER_NONNULL = YES;
				CLANG_ANALYZER_NUMBER_OBJECT_CONVERSION = YES_AGGRESSIVE;
				CLANG_CXX_LANGUAGE_STANDARD = "gnu++14";
				CLANG_CXX_LIBRARY = "libc++";
				CLANG_ENABLE_MODULES = YES;
				CLANG_ENABLE_OBJC_ARC = YES;
				CLANG_ENABLE_OBJC_WEAK = YES;
				CLANG_WARN_BLOCK_CAPTURE_AUTORELEASING = YES;
				CLANG_WARN_BOOL_CONVERSION = YES;
				CLANG_WARN_COMMA = YES;
				CLANG_WARN_CONSTANT_CONVERSION = YES;
				CLANG_WARN_DEPRECATED_OBJC_IMPLEMENTATIONS = YES;
				CLANG_WARN_DIRECT_OBJC_ISA_USAGE = YES_ERROR;
				CLANG_WARN_DOCUMENTATION_COMMENTS = YES;
				CLANG_WARN_EMPTY_BODY = YES;
				CLANG_WARN_ENUM_CONVERSION = YES;
				CLANG_WARN_INFINITE_RECURSION = YES;
				CLANG_WARN_INT_CONVERSION = YES;
				CLANG_WARN_NON_LITERAL_NULL_CONVERSION = YES;
				CLANG_WARN_OBJC_IMPLICIT_RETAIN_SELF = YES;
				CLANG_WARN_OBJC_LITERAL_CONVERSION = YES;
				CLANG_WARN_OBJC_ROOT_CLASS = YES_ERROR;
				CLANG_WARN_RANGE_LOOP_ANALYSIS = YES;
				CLANG_WARN_STRICT_PROTOTYPES = YES;
				CLANG_WARN_SUSPICIOUS_MOVE = YES;
				CLANG_WARN_UNGUARDED_AVAILABILITY = YES_AGGRESSIVE;
				CLANG_WARN_UNREACHABLE_CODE = YES;
				CLANG_WARN__DUPLICATE_METHOD_MATCH = YES;
				CODE_SIGN_IDENTITY = "iPhone Developer";
				COPY_PHASE_STRIP = NO;
				DEBUG_INFORMATION_FORMAT = "dwarf-with-dsym";
				ENABLE_NS_ASSERTIONS = NO;
				ENABLE_STRICT_OBJC_MSGSEND = YES;
				GCC_C_LANGUAGE_STANDARD = gnu11;
				GCC_NO_COMMON_BLOCKS = YES;
				GCC_WARN_64_TO_32_BIT_CONVERSION = YES;
				GCC_WARN_ABOUT_RETURN_TYPE = YES_ERROR;
				GCC_WARN_UNDECLARED_SELECTOR = YES;
				GCC_WARN_UNINITIALIZED_AUTOS = YES_AGGRESSIVE;
				GCC_WARN_UNUSED_FUNCTION = YES;
				GCC_WARN_UNUSED_VARIABLE = YES;
				IPHONEOS_DEPLOYMENT_TARGET = 12.1;
				MTL_ENABLE_DEBUG_INFO = NO;
				MTL_FAST_MATH = YES;
				SDKROOT = iphoneos;
				SWIFT_COMPILATION_MODE = wholemodule;
				SWIFT_OPTIMIZATION_LEVEL = "-O";
				VALIDATE_PRODUCT = YES;
			};
			name = Release;
		};
		016E41C2228E9A5E00ACF137 /* Debug */ = {
			isa = XCBuildConfiguration;
			buildSettings = {
				ALWAYS_EMBED_SWIFT_STANDARD_LIBRARIES = YES;
				ASSETCATALOG_COMPILER_APPICON_NAME = AppIcon;
				CODE_SIGN_STYLE = Automatic;
				DEVELOPMENT_TEAM = 6SR4JWJD54;
				INFOPLIST_FILE = Rampage/Info.plist;
				LD_RUNPATH_SEARCH_PATHS = (
					"$(inherited)",
					"@executable_path/Frameworks",
				);
				PRODUCT_BUNDLE_IDENTIFIER = com.tornike;
				PRODUCT_NAME = "$(TARGET_NAME)";
				SWIFT_VERSION = 4.2;
				TARGETED_DEVICE_FAMILY = "1,2";
			};
			name = Debug;
		};
		016E41C3228E9A5E00ACF137 /* Release */ = {
			isa = XCBuildConfiguration;
			buildSettings = {
				ALWAYS_EMBED_SWIFT_STANDARD_LIBRARIES = YES;
				ASSETCATALOG_COMPILER_APPICON_NAME = AppIcon;
				CODE_SIGN_STYLE = Automatic;
				DEVELOPMENT_TEAM = 6SR4JWJD54;
				INFOPLIST_FILE = Rampage/Info.plist;
				LD_RUNPATH_SEARCH_PATHS = (
					"$(inherited)",
					"@executable_path/Frameworks",
				);
				PRODUCT_BUNDLE_IDENTIFIER = com.tornike;
				PRODUCT_NAME = "$(TARGET_NAME)";
				SWIFT_VERSION = 4.2;
				TARGETED_DEVICE_FAMILY = "1,2";
			};
			name = Release;
		};
		016E41D3228E9A8600ACF137 /* Debug */ = {
			isa = XCBuildConfiguration;
			buildSettings = {
				CLANG_ENABLE_MODULES = YES;
				CODE_SIGN_IDENTITY = "";
				CODE_SIGN_STYLE = Automatic;
				CURRENT_PROJECT_VERSION = 1;
				DEFINES_MODULE = YES;
				DEVELOPMENT_TEAM = 8VQKF583ED;
				DYLIB_COMPATIBILITY_VERSION = 1;
				DYLIB_CURRENT_VERSION = 1;
				DYLIB_INSTALL_NAME_BASE = "@rpath";
				INFOPLIST_FILE = Engine/Info.plist;
				INSTALL_PATH = "$(LOCAL_LIBRARY_DIR)/Frameworks";
				LD_RUNPATH_SEARCH_PATHS = (
					"$(inherited)",
					"@executable_path/Frameworks",
					"@loader_path/Frameworks",
				);
				PRODUCT_BUNDLE_IDENTIFIER = com.charcoaldesign.Engine;
				PRODUCT_NAME = "$(TARGET_NAME:c99extidentifier)";
				SKIP_INSTALL = YES;
				SWIFT_OPTIMIZATION_LEVEL = "-Onone";
				SWIFT_VERSION = 4.2;
				TARGETED_DEVICE_FAMILY = "1,2";
				VERSIONING_SYSTEM = "apple-generic";
				VERSION_INFO_PREFIX = "";
			};
			name = Debug;
		};
		016E41D4228E9A8600ACF137 /* Release */ = {
			isa = XCBuildConfiguration;
			buildSettings = {
				CLANG_ENABLE_MODULES = YES;
				CODE_SIGN_IDENTITY = "";
				CODE_SIGN_STYLE = Automatic;
				CURRENT_PROJECT_VERSION = 1;
				DEFINES_MODULE = YES;
				DEVELOPMENT_TEAM = 8VQKF583ED;
				DYLIB_COMPATIBILITY_VERSION = 1;
				DYLIB_CURRENT_VERSION = 1;
				DYLIB_INSTALL_NAME_BASE = "@rpath";
				INFOPLIST_FILE = Engine/Info.plist;
				INSTALL_PATH = "$(LOCAL_LIBRARY_DIR)/Frameworks";
				LD_RUNPATH_SEARCH_PATHS = (
					"$(inherited)",
					"@executable_path/Frameworks",
					"@loader_path/Frameworks",
				);
				PRODUCT_BUNDLE_IDENTIFIER = com.charcoaldesign.Engine;
				PRODUCT_NAME = "$(TARGET_NAME:c99extidentifier)";
				SKIP_INSTALL = YES;
				SWIFT_VERSION = 4.2;
				TARGETED_DEVICE_FAMILY = "1,2";
				VERSIONING_SYSTEM = "apple-generic";
				VERSION_INFO_PREFIX = "";
			};
			name = Release;
		};
/* End XCBuildConfiguration section */

/* Begin XCConfigurationList section */
		016E41AA228E9A5B00ACF137 /* Build configuration list for PBXProject "Rampage" */ = {
			isa = XCConfigurationList;
			buildConfigurations = (
				016E41BF228E9A5E00ACF137 /* Debug */,
				016E41C0228E9A5E00ACF137 /* Release */,
			);
			defaultConfigurationIsVisible = 0;
			defaultConfigurationName = Release;
		};
		016E41C1228E9A5E00ACF137 /* Build configuration list for PBXNativeTarget "Rampage" */ = {
			isa = XCConfigurationList;
			buildConfigurations = (
				016E41C2228E9A5E00ACF137 /* Debug */,
				016E41C3228E9A5E00ACF137 /* Release */,
			);
			defaultConfigurationIsVisible = 0;
			defaultConfigurationName = Release;
		};
		016E41D2228E9A8600ACF137 /* Build configuration list for PBXNativeTarget "Engine" */ = {
			isa = XCConfigurationList;
			buildConfigurations = (
				016E41D3228E9A8600ACF137 /* Debug */,
				016E41D4228E9A8600ACF137 /* Release */,
			);
			defaultConfigurationIsVisible = 0;
			defaultConfigurationName = Release;
		};
/* End XCConfigurationList section */
	};
	rootObject = 016E41A7228E9A5B00ACF137 /* Project object */;
}
